
Microsoft Visual Studio Solution File, Format Version 12.00
Project("{FAE04EC0-301F-11D3-BF4B-00C04F79EFBC}") = "solar_watch_backend", "solar_watch_backend\solar_watch_backend.csproj", "{9189E26A-1FA1-4A97-A527-5EAFFC96841A}"
EndProject
Project("{FAE04EC0-301F-11D3-BF4B-00C04F79EFBC}") = "unit_tests", "unit_tests\unit_tests.csproj", "{755CB0D0-3E41-449E-9B35-8E2BF842593F}"
EndProject
Global
	GlobalSection(SolutionConfigurationPlatforms) = preSolution
		Debug|Any CPU = Debug|Any CPU
		Release|Any CPU = Release|Any CPU
	EndGlobalSection
	GlobalSection(ProjectConfigurationPlatforms) = postSolution
		{9189E26A-1FA1-4A97-A527-5EAFFC96841A}.Debug|Any CPU.ActiveCfg = Debug|Any CPU
		{9189E26A-1FA1-4A97-A527-5EAFFC96841A}.Debug|Any CPU.Build.0 = Debug|Any CPU
		{9189E26A-1FA1-4A97-A527-5EAFFC96841A}.Release|Any CPU.ActiveCfg = Release|Any CPU
		{9189E26A-1FA1-4A97-A527-5EAFFC96841A}.Release|Any CPU.Build.0 = Release|Any CPU
		{755CB0D0-3E41-449E-9B35-8E2BF842593F}.Debug|Any CPU.ActiveCfg = Debug|Any CPU
		{755CB0D0-3E41-449E-9B35-8E2BF842593F}.Debug|Any CPU.Build.0 = Debug|Any CPU
		{755CB0D0-3E41-449E-9B35-8E2BF842593F}.Release|Any CPU.ActiveCfg = Release|Any CPU
		{755CB0D0-3E41-449E-9B35-8E2BF842593F}.Release|Any CPU.Build.0 = Release|Any CPU
	EndGlobalSection
EndGlobal
